// !$*UTF8*$!
{
	archiveVersion = 1;
	classes = {
	};
	objectVersion = 56;
	objects = {

/* Begin PBXBuildFile section */
		BD124E5C2AEC53A300F29F46 /* JustFixDateApp.swift in Sources */ = {isa = PBXBuildFile; fileRef = BD124E5B2AEC53A300F29F46 /* JustFixDateApp.swift */; };
		BD124E5E2AEC53A300F29F46 /* ContentView.swift in Sources */ = {isa = PBXBuildFile; fileRef = BD124E5D2AEC53A300F29F46 /* ContentView.swift */; };
		BD124E602AEC53A400F29F46 /* Assets.xcassets in Resources */ = {isa = PBXBuildFile; fileRef = BD124E5F2AEC53A400F29F46 /* Assets.xcassets */; };
		BD124E632AEC53A400F29F46 /* Preview Assets.xcassets in Resources */ = {isa = PBXBuildFile; fileRef = BD124E622AEC53A400F29F46 /* Preview Assets.xcassets */; };
		BD124E6D2AEC554000F29F46 /* MetadataProcessor.swift in Sources */ = {isa = PBXBuildFile; fileRef = BD124E6B2AEC554000F29F46 /* MetadataProcessor.swift */; };
		BD124E6E2AEC554000F29F46 /* Photo.swift in Sources */ = {isa = PBXBuildFile; fileRef = BD124E6C2AEC554000F29F46 /* Photo.swift */; };
/* End PBXBuildFile section */

/* Begin PBXFileReference section */
		BD124E582AEC53A300F29F46 /* JustFixDate.app */ = {isa = PBXFileReference; explicitFileType = wrapper.application; includeInIndex = 0; path = JustFixDate.app; sourceTree = BUILT_PRODUCTS_DIR; };
		BD124E5B2AEC53A300F29F46 /* JustFixDateApp.swift */ = {isa = PBXFileReference; lastKnownFileType = sourcecode.swift; path = JustFixDateApp.swift; sourceTree = "<group>"; };
		BD124E5D2AEC53A300F29F46 /* ContentView.swift */ = {isa = PBXFileReference; lastKnownFileType = sourcecode.swift; path = ContentView.swift; sourceTree = "<group>"; };
		BD124E5F2AEC53A400F29F46 /* Assets.xcassets */ = {isa = PBXFileReference; lastKnownFileType = folder.assetcatalog; path = Assets.xcassets; sourceTree = "<group>"; };
		BD124E622AEC53A400F29F46 /* Preview Assets.xcassets */ = {isa = PBXFileReference; lastKnownFileType = folder.assetcatalog; path = "Preview Assets.xcassets"; sourceTree = "<group>"; };
		BD124E642AEC53A400F29F46 /* JustFixDate.entitlements */ = {isa = PBXFileReference; lastKnownFileType = text.plist.entitlements; path = JustFixDate.entitlements; sourceTree = "<group>"; };
		BD124E6B2AEC554000F29F46 /* MetadataProcessor.swift */ = {isa = PBXFileReference; fileEncoding = 4; lastKnownFileType = sourcecode.swift; path = MetadataProcessor.swift; sourceTree = "<group>"; };
		BD124E6C2AEC554000F29F46 /* Photo.swift */ = {isa = PBXFileReference; fileEncoding = 4; lastKnownFileType = sourcecode.swift; path = Photo.swift; sourceTree = "<group>"; };
/* End PBXFileReference section */

/* Begin PBXFrameworksBuildPhase section */
		BD124E552AEC53A300F29F46 /* Frameworks */ = {
			isa = PBXFrameworksBuildPhase;
			buildActionMask = 2147483647;
			files = (
			);
			runOnlyForDeploymentPostprocessing = 0;
		};
/* End PBXFrameworksBuildPhase section */

/* Begin PBXGroup section */
		BD124E4F2AEC53A300F29F46 = {
			isa = PBXGroup;
			children = (
				BD124E5A2AEC53A300F29F46 /* JustFixDate */,
				BD124E592AEC53A300F29F46 /* Products */,
			);
			sourceTree = "<group>";
		};
		BD124E592AEC53A300F29F46 /* Products */ = {
			isa = PBXGroup;
			children = (
				BD124E582AEC53A300F29F46 /* JustFixDate.app */,
			);
			name = Products;
			sourceTree = "<group>";
		};
		BD124E5A2AEC53A300F29F46 /* JustFixDate */ = {
			isa = PBXGroup;
			children = (
				BD124E6A2AEC554000F29F46 /* Metadata */,
				BD124E5B2AEC53A300F29F46 /* JustFixDateApp.swift */,
				BD124E5D2AEC53A300F29F46 /* ContentView.swift */,
				BD124E5F2AEC53A400F29F46 /* Assets.xcassets */,
				BD124E642AEC53A400F29F46 /* JustFixDate.entitlements */,
				BD124E612AEC53A400F29F46 /* Preview Content */,
			);
			name = JustFixDate;
			sourceTree = "<group>";
		};
		BD124E612AEC53A400F29F46 /* Preview Content */ = {
			isa = PBXGroup;
			children = (
				BD124E622AEC53A400F29F46 /* Preview Assets.xcassets */,
			);
			path = "Preview Content";
			sourceTree = "<group>";
		};
		BD124E6A2AEC554000F29F46 /* Metadata */ = {
			isa = PBXGroup;
			children = (
				BD124E6C2AEC554000F29F46 /* Photo.swift */,
				BD124E6B2AEC554000F29F46 /* MetadataProcessor.swift */,
			);
			path = Metadata;
			sourceTree = "<group>";
		};
/* End PBXGroup section */

/* Begin PBXNativeTarget section */
		BD124E572AEC53A300F29F46 /* JustFixDate */ = {
			isa = PBXNativeTarget;
			buildConfigurationList = BD124E672AEC53A400F29F46 /* Build configuration list for PBXNativeTarget "JustFixDate" */;
			buildPhases = (
				BD124E542AEC53A300F29F46 /* Sources */,
				BD124E552AEC53A300F29F46 /* Frameworks */,
				BD124E562AEC53A300F29F46 /* Resources */,
			);
			buildRules = (
			);
			dependencies = (
			);
			name = JustFixDate;
			productName = JustFixDate;
			productReference = BD124E582AEC53A300F29F46 /* JustFixDate.app */;
			productType = "com.apple.product-type.application";
		};
/* End PBXNativeTarget section */

/* Begin PBXProject section */
		BD124E502AEC53A300F29F46 /* Project object */ = {
			isa = PBXProject;
			attributes = {
				BuildIndependentTargetsInParallel = 1;
				LastSwiftUpdateCheck = 1500;
				LastUpgradeCheck = 1500;
				TargetAttributes = {
					BD124E572AEC53A300F29F46 = {
						CreatedOnToolsVersion = 15.0.1;
					};
				};
			};
			buildConfigurationList = BD124E532AEC53A300F29F46 /* Build configuration list for PBXProject "JustFixDate" */;
			compatibilityVersion = "Xcode 14.0";
			developmentRegion = en;
			hasScannedForEncodings = 0;
			knownRegions = (
				en,
				Base,
			);
			mainGroup = BD124E4F2AEC53A300F29F46;
			productRefGroup = BD124E592AEC53A300F29F46 /* Products */;
			projectDirPath = "";
			projectRoot = "";
			targets = (
				BD124E572AEC53A300F29F46 /* JustFixDate */,
			);
		};
/* End PBXProject section */

/* Begin PBXResourcesBuildPhase section */
		BD124E562AEC53A300F29F46 /* Resources */ = {
			isa = PBXResourcesBuildPhase;
			buildActionMask = 2147483647;
			files = (
				BD124E632AEC53A400F29F46 /* Preview Assets.xcassets in Resources */,
				BD124E602AEC53A400F29F46 /* Assets.xcassets in Resources */,
			);
			runOnlyForDeploymentPostprocessing = 0;
		};
/* End PBXResourcesBuildPhase section */

/* Begin PBXSourcesBuildPhase section */
		BD124E542AEC53A300F29F46 /* Sources */ = {
			isa = PBXSourcesBuildPhase;
			buildActionMask = 2147483647;
			files = (
				BD124E6E2AEC554000F29F46 /* Photo.swift in Sources */,
				BD124E5E2AEC53A300F29F46 /* ContentView.swift in Sources */,
				BD124E5C2AEC53A300F29F46 /* JustFixDateApp.swift in Sources */,
				BD124E6D2AEC554000F29F46 /* MetadataProcessor.swift in Sources */,
			);
			runOnlyForDeploymentPostprocessing = 0;
		};
/* End PBXSourcesBuildPhase section */

/* Begin XCBuildConfiguration section */
		BD124E652AEC53A400F29F46 /* Debug */ = {
			isa = XCBuildConfiguration;
			buildSettings = {
				ALWAYS_SEARCH_USER_PATHS = NO;
				ASSETCATALOG_COMPILER_GENERATE_SWIFT_ASSET_SYMBOL_EXTENSIONS = YES;
				CLANG_ANALYZER_NONNULL = YES;
				CLANG_ANALYZER_NUMBER_OBJECT_CONVERSION = YES_AGGRESSIVE;
				CLANG_CXX_LANGUAGE_STANDARD = "gnu++20";
				CLANG_ENABLE_MODULES = YES;
				CLANG_ENABLE_OBJC_ARC = YES;
				CLANG_ENABLE_OBJC_WEAK = YES;
				CLANG_WARN_BLOCK_CAPTURE_AUTORELEASING = YES;
				CLANG_WARN_BOOL_CONVERSION = YES;
				CLANG_WARN_COMMA = YES;
				CLANG_WARN_CONSTANT_CONVERSION = YES;
				CLANG_WARN_DEPRECATED_OBJC_IMPLEMENTATIONS = YES;
				CLANG_WARN_DIRECT_OBJC_ISA_USAGE = YES_ERROR;
				CLANG_WARN_DOCUMENTATION_COMMENTS = YES;
				CLANG_WARN_EMPTY_BODY = YES;
				CLANG_WARN_ENUM_CONVERSION = YES;
				CLANG_WARN_INFINITE_RECURSION = YES;
				CLANG_WARN_INT_CONVERSION = YES;
				CLANG_WARN_NON_LITERAL_NULL_CONVERSION = YES;
				CLANG_WARN_OBJC_IMPLICIT_RETAIN_SELF = YES;
				CLANG_WARN_OBJC_LITERAL_CONVERSION = YES;
				CLANG_WARN_OBJC_ROOT_CLASS = YES_ERROR;
				CLANG_WARN_QUOTED_INCLUDE_IN_FRAMEWORK_HEADER = YES;
				CLANG_WARN_RANGE_LOOP_ANALYSIS = YES;
				CLANG_WARN_STRICT_PROTOTYPES = YES;
				CLANG_WARN_SUSPICIOUS_MOVE = YES;
				CLANG_WARN_UNGUARDED_AVAILABILITY = YES_AGGRESSIVE;
				CLANG_WARN_UNREACHABLE_CODE = YES;
				CLANG_WARN__DUPLICATE_METHOD_MATCH = YES;
				COPY_PHASE_STRIP = NO;
				DEBUG_INFORMATION_FORMAT = dwarf;
				ENABLE_STRICT_OBJC_MSGSEND = YES;
				ENABLE_TESTABILITY = YES;
				ENABLE_USER_SCRIPT_SANDBOXING = YES;
				GCC_C_LANGUAGE_STANDARD = gnu17;
				GCC_DYNAMIC_NO_PIC = NO;
				GCC_NO_COMMON_BLOCKS = YES;
				GCC_OPTIMIZATION_LEVEL = 0;
				GCC_PREPROCESSOR_DEFINITIONS = (
					"DEBUG=1",
					"$(inherited)",
				);
				GCC_WARN_64_TO_32_BIT_CONVERSION = YES;
				GCC_WARN_ABOUT_RETURN_TYPE = YES_ERROR;
				GCC_WARN_UNDECLARED_SELECTOR = YES;
				GCC_WARN_UNINITIALIZED_AUTOS = YES_AGGRESSIVE;
				GCC_WARN_UNUSED_FUNCTION = YES;
				GCC_WARN_UNUSED_VARIABLE = YES;
				LOCALIZATION_PREFERS_STRING_CATALOGS = YES;
				MACOSX_DEPLOYMENT_TARGET = 14.0;
				MTL_ENABLE_DEBUG_INFO = INCLUDE_SOURCE;
				MTL_FAST_MATH = YES;
				ONLY_ACTIVE_ARCH = YES;
				SDKROOT = macosx;
				SWIFT_ACTIVE_COMPILATION_CONDITIONS = "DEBUG $(inherited)";
				SWIFT_OPTIMIZATION_LEVEL = "-Onone";
			};
			name = Debug;
		};
		BD124E662AEC53A400F29F46 /* Release */ = {
			isa = XCBuildConfiguration;
			buildSettings = {
				ALWAYS_SEARCH_USER_PATHS = NO;
				ASSETCATALOG_COMPILER_GENERATE_SWIFT_ASSET_SYMBOL_EXTENSIONS = YES;
				CLANG_ANALYZER_NONNULL = YES;
				CLANG_ANALYZER_NUMBER_OBJECT_CONVERSION = YES_AGGRESSIVE;
				CLANG_CXX_LANGUAGE_STANDARD = "gnu++20";
				CLANG_ENABLE_MODULES = YES;
				CLANG_ENABLE_OBJC_ARC = YES;
				CLANG_ENABLE_OBJC_WEAK = YES;
				CLANG_WARN_BLOCK_CAPTURE_AUTORELEASING = YES;
				CLANG_WARN_BOOL_CONVERSION = YES;
				CLANG_WARN_COMMA = YES;
				CLANG_WARN_CONSTANT_CONVERSION = YES;
				CLANG_WARN_DEPRECATED_OBJC_IMPLEMENTATIONS = YES;
				CLANG_WARN_DIRECT_OBJC_ISA_USAGE = YES_ERROR;
				CLANG_WARN_DOCUMENTATION_COMMENTS = YES;
				CLANG_WARN_EMPTY_BODY = YES;
				CLANG_WARN_ENUM_CONVERSION = YES;
				CLANG_WARN_INFINITE_RECURSION = YES;
				CLANG_WARN_INT_CONVERSION = YES;
				CLANG_WARN_NON_LITERAL_NULL_CONVERSION = YES;
				CLANG_WARN_OBJC_IMPLICIT_RETAIN_SELF = YES;
				CLANG_WARN_OBJC_LITERAL_CONVERSION = YES;
				CLANG_WARN_OBJC_ROOT_CLASS = YES_ERROR;
				CLANG_WARN_QUOTED_INCLUDE_IN_FRAMEWORK_HEADER = YES;
				CLANG_WARN_RANGE_LOOP_ANALYSIS = YES;
				CLANG_WARN_STRICT_PROTOTYPES = YES;
				CLANG_WARN_SUSPICIOUS_MOVE = YES;
				CLANG_WARN_UNGUARDED_AVAILABILITY = YES_AGGRESSIVE;
				CLANG_WARN_UNREACHABLE_CODE = YES;
				CLANG_WARN__DUPLICATE_METHOD_MATCH = YES;
				COPY_PHASE_STRIP = NO;
				DEBUG_INFORMATION_FORMAT = "dwarf-with-dsym";
				ENABLE_NS_ASSERTIONS = NO;
				ENABLE_STRICT_OBJC_MSGSEND = YES;
				ENABLE_USER_SCRIPT_SANDBOXING = YES;
				GCC_C_LANGUAGE_STANDARD = gnu17;
				GCC_NO_COMMON_BLOCKS = YES;
				GCC_WARN_64_TO_32_BIT_CONVERSION = YES;
				GCC_WARN_ABOUT_RETURN_TYPE = YES_ERROR;
				GCC_WARN_UNDECLARED_SELECTOR = YES;
				GCC_WARN_UNINITIALIZED_AUTOS = YES_AGGRESSIVE;
				GCC_WARN_UNUSED_FUNCTION = YES;
				GCC_WARN_UNUSED_VARIABLE = YES;
				LOCALIZATION_PREFERS_STRING_CATALOGS = YES;
				MACOSX_DEPLOYMENT_TARGET = 14.0;
				MTL_ENABLE_DEBUG_INFO = NO;
				MTL_FAST_MATH = YES;
				SDKROOT = macosx;
				SWIFT_COMPILATION_MODE = wholemodule;
			};
			name = Release;
		};
		BD124E682AEC53A400F29F46 /* Debug */ = {
			isa = XCBuildConfiguration;
			buildSettings = {
				ASSETCATALOG_COMPILER_APPICON_NAME = AppIcon;
				ASSETCATALOG_COMPILER_GLOBAL_ACCENT_COLOR_NAME = AccentColor;
				CODE_SIGN_ENTITLEMENTS = JustFixDate/JustFixDate.entitlements;
				CODE_SIGN_STYLE = Automatic;
				COMBINE_HIDPI_IMAGES = YES;
				CURRENT_PROJECT_VERSION = 1;
				DEVELOPMENT_ASSET_PATHS = "\"JustFixDate/Preview Content\"";
				ENABLE_PREVIEWS = YES;
				GENERATE_INFOPLIST_FILE = YES;
				INFOPLIST_KEY_NSHumanReadableCopyright = "";
				LD_RUNPATH_SEARCH_PATHS = (
					"$(inherited)",
					"@executable_path/../Frameworks",
				);
				MARKETING_VERSION = 1.0;
				PRODUCT_BUNDLE_IDENTIFIER = who.cares.JustFixDate;
				PRODUCT_NAME = "$(TARGET_NAME)";
				SWIFT_EMIT_LOC_STRINGS = YES;
				SWIFT_VERSION = 5.0;
			};
			name = Debug;
		};
		BD124E692AEC53A400F29F46 /* Release */ = {
			isa = XCBuildConfiguration;
			buildSettings = {
				ASSETCATALOG_COMPILER_APPICON_NAME = AppIcon;
				ASSETCATALOG_COMPILER_GLOBAL_ACCENT_COLOR_NAME = AccentColor;
				CODE_SIGN_ENTITLEMENTS = JustFixDate/JustFixDate.entitlements;
				CODE_SIGN_STYLE = Automatic;
				COMBINE_HIDPI_IMAGES = YES;
				CURRENT_PROJECT_VERSION = 1;
				DEVELOPMENT_ASSET_PATHS = "\"JustFixDate/Preview Content\"";
				ENABLE_PREVIEWS = YES;
				GENERATE_INFOPLIST_FILE = YES;
				INFOPLIST_KEY_NSHumanReadableCopyright = "";
				LD_RUNPATH_SEARCH_PATHS = (
					"$(inherited)",
					"@executable_path/../Frameworks",
				);
				MARKETING_VERSION = 1.0;
				PRODUCT_BUNDLE_IDENTIFIER = who.cares.JustFixDate;
				PRODUCT_NAME = "$(TARGET_NAME)";
				SWIFT_EMIT_LOC_STRINGS = YES;
				SWIFT_VERSION = 5.0;
			};
			name = Release;
		};
/* End XCBuildConfiguration section */

/* Begin XCConfigurationList section */
		BD124E532AEC53A300F29F46 /* Build configuration list for PBXProject "JustFixDate" */ = {
			isa = XCConfigurationList;
			buildConfigurations = (
				BD124E652AEC53A400F29F46 /* Debug */,
				BD124E662AEC53A400F29F46 /* Release */,
			);
			defaultConfigurationIsVisible = 0;
			defaultConfigurationName = Release;
		};
		BD124E672AEC53A400F29F46 /* Build configuration list for PBXNativeTarget "JustFixDate" */ = {
			isa = XCConfigurationList;
			buildConfigurations = (
				BD124E682AEC53A400F29F46 /* Debug */,
				BD124E692AEC53A400F29F46 /* Release */,
			);
			defaultConfigurationIsVisible = 0;
			defaultConfigurationName = Release;
		};
/* End XCConfigurationList section */
	};
	rootObject = BD124E502AEC53A300F29F46 /* Project object */;
}
